
Microsoft Visual Studio Solution File, Format Version 12.00
# Visual Studio Version 17
VisualStudioVersion = 17.11.35208.52
MinimumVisualStudioVersion = 10.0.40219.1
Project("{2150E333-8FDC-42A3-9474-1A3956D46DE8}") = "src", "src", "{FB3DFD06-A501-4A43-BCA3-E4679547DD14}"
EndProject
Project("{2150E333-8FDC-42A3-9474-1A3956D46DE8}") = "test", "test", "{7A2A5792-BC9B-4873-B078-F47A22B705F1}"
EndProject
Project("{9A19103F-16F7-4668-BE54-9A1E7A4F7556}") = "VerticalSliceMinimalApi", "src\VerticalSliceMinimalApi.csproj", "{533FCEF6-569F-4489-AE8C-B9452DE4C682}"
EndProject
Project("{9A19103F-16F7-4668-BE54-9A1E7A4F7556}") = "VerticalSliceMinimalApi.Test.Data", "test\VerticalSliceMinimalApi.Test.Data\VerticalSliceMinimalApi.Test.Data.csproj", "{4A5ACE2A-E7D7-43D0-8C9D-5116A1D95701}"
EndProject
Project("{9A19103F-16F7-4668-BE54-9A1E7A4F7556}") = "VerticalSliceMinimalApi.Test", "test\VerticalSliceMinimalApi.Test\VerticalSliceMinimalApi.Test.csproj", "{B6013812-177E-4228-B323-24322EA5241B}"
EndProject
Global
	GlobalSection(SolutionConfigurationPlatforms) = preSolution
		Debug|Any CPU = Debug|Any CPU
		Release|Any CPU = Release|Any CPU
	EndGlobalSection
	GlobalSection(ProjectConfigurationPlatforms) = postSolution
		{533FCEF6-569F-4489-AE8C-B9452DE4C682}.Debug|Any CPU.ActiveCfg = Debug|Any CPU
		{533FCEF6-569F-4489-AE8C-B9452DE4C682}.Debug|Any CPU.Build.0 = Debug|Any CPU
		{533FCEF6-569F-4489-AE8C-B9452DE4C682}.Release|Any CPU.ActiveCfg = Release|Any CPU
		{533FCEF6-569F-4489-AE8C-B9452DE4C682}.Release|Any CPU.Build.0 = Release|Any CPU
		{4A5ACE2A-E7D7-43D0-8C9D-5116A1D95701}.Debug|Any CPU.ActiveCfg = Debug|Any CPU
		{4A5ACE2A-E7D7-43D0-8C9D-5116A1D95701}.Debug|Any CPU.Build.0 = Debug|Any CPU
		{4A5ACE2A-E7D7-43D0-8C9D-5116A1D95701}.Release|Any CPU.ActiveCfg = Release|Any CPU
		{4A5ACE2A-E7D7-43D0-8C9D-5116A1D95701}.Release|Any CPU.Build.0 = Release|Any CPU
		{B6013812-177E-4228-B323-24322EA5241B}.Debug|Any CPU.ActiveCfg = Debug|Any CPU
		{B6013812-177E-4228-B323-24322EA5241B}.Debug|Any CPU.Build.0 = Debug|Any CPU
		{B6013812-177E-4228-B323-24322EA5241B}.Release|Any CPU.ActiveCfg = Release|Any CPU
		{B6013812-177E-4228-B323-24322EA5241B}.Release|Any CPU.Build.0 = Release|Any CPU
	EndGlobalSection
	GlobalSection(SolutionProperties) = preSolution
		HideSolutionNode = FALSE
	EndGlobalSection
	GlobalSection(NestedProjects) = preSolution
		{533FCEF6-569F-4489-AE8C-B9452DE4C682} = {FB3DFD06-A501-4A43-BCA3-E4679547DD14}
		{4A5ACE2A-E7D7-43D0-8C9D-5116A1D95701} = {7A2A5792-BC9B-4873-B078-F47A22B705F1}
		{B6013812-177E-4228-B323-24322EA5241B} = {7A2A5792-BC9B-4873-B078-F47A22B705F1}
	EndGlobalSection
	GlobalSection(ExtensibilityGlobals) = postSolution
		SolutionGuid = {BD1CCE9F-8E72-424F-AE98-259FDA8164E2}
	EndGlobalSection
EndGlobal
